
Microsoft Visual Studio Solution File, Format Version 12.00
# Visual Studio Version 17
VisualStudioVersion = 17.14.36414.22 d17.14
MinimumVisualStudioVersion = 10.0.40219.1
Project("{FAE04EC0-301F-11D3-BF4B-00C04F79EFBC}") = "ToTheLicense", "ToTheLicense\ToTheLicense.csproj", "{18502A4D-CC33-4E09-80C4-16678CECAFB6}"
EndProject
Project("{FAE04EC0-301F-11D3-BF4B-00C04F79EFBC}") = "Model", "Model\Model.csproj", "{6CFE1CB5-4600-4D1D-A3AF-15FC9962BB1E}"
EndProject
Project("{FAE04EC0-301F-11D3-BF4B-00C04F79EFBC}") = "ViewModel", "ViewModel\ViewModel.csproj", "{AF5C62B9-85A1-4158-8412-8471E42C0680}"
EndProject
Global
	GlobalSection(SolutionConfigurationPlatforms) = preSolution
		Debug|Any CPU = Debug|Any CPU
		Release|Any CPU = Release|Any CPU
	EndGlobalSection
	GlobalSection(ProjectConfigurationPlatforms) = postSolution
		{18502A4D-CC33-4E09-80C4-16678CECAFB6}.Debug|Any CPU.ActiveCfg = Debug|Any CPU
		{18502A4D-CC33-4E09-80C4-16678CECAFB6}.Debug|Any CPU.Build.0 = Debug|Any CPU
		{18502A4D-CC33-4E09-80C4-16678CECAFB6}.Release|Any CPU.ActiveCfg = Release|Any CPU
		{18502A4D-CC33-4E09-80C4-16678CECAFB6}.Release|Any CPU.Build.0 = Release|Any CPU
		{6CFE1CB5-4600-4D1D-A3AF-15FC9962BB1E}.Debug|Any CPU.ActiveCfg = Debug|Any CPU
		{6CFE1CB5-4600-4D1D-A3AF-15FC9962BB1E}.Debug|Any CPU.Build.0 = Debug|Any CPU
		{6CFE1CB5-4600-4D1D-A3AF-15FC9962BB1E}.Release|Any CPU.ActiveCfg = Release|Any CPU
		{6CFE1CB5-4600-4D1D-A3AF-15FC9962BB1E}.Release|Any CPU.Build.0 = Release|Any CPU
		{AF5C62B9-85A1-4158-8412-8471E42C0680}.Debug|Any CPU.ActiveCfg = Debug|Any CPU
		{AF5C62B9-85A1-4158-8412-8471E42C0680}.Debug|Any CPU.Build.0 = Debug|Any CPU
		{AF5C62B9-85A1-4158-8412-8471E42C0680}.Release|Any CPU.ActiveCfg = Release|Any CPU
		{AF5C62B9-85A1-4158-8412-8471E42C0680}.Release|Any CPU.Build.0 = Release|Any CPU
	EndGlobalSection
	GlobalSection(SolutionProperties) = preSolution
		HideSolutionNode = FALSE
	EndGlobalSection
	GlobalSection(ExtensibilityGlobals) = postSolution
		SolutionGuid = {8F637120-F1D7-4DDE-BB51-EB29D0C27753}
	EndGlobalSection
EndGlobal
